
Microsoft Visual Studio Solution File, Format Version 12.00
Project("{FAE04EC0-301F-11D3-BF4B-00C04F79EFBC}") = "ToDoListApi", "src\ToDoListApi\ToDoListApi.csproj", "{2387676A-7BF2-401B-A218-7E14A23A6D75}"
EndProject
Project("{FAE04EC0-301F-11D3-BF4B-00C04F79EFBC}") = "ToDoListApi.Tests", "test\ToDoListApi.Tests\ToDoListApi.Tests.csproj", "{651A8C47-B48B-401E-807F-DF94BB0EC9B4}"
EndProject
Global
	GlobalSection(SolutionConfigurationPlatforms) = preSolution
		Debug|Any CPU = Debug|Any CPU
		Release|Any CPU = Release|Any CPU
	EndGlobalSection
	GlobalSection(ProjectConfigurationPlatforms) = postSolution
		{2387676A-7BF2-401B-A218-7E14A23A6D75}.Debug|Any CPU.ActiveCfg = Debug|Any CPU
		{2387676A-7BF2-401B-A218-7E14A23A6D75}.Debug|Any CPU.Build.0 = Debug|Any CPU
		{2387676A-7BF2-401B-A218-7E14A23A6D75}.Release|Any CPU.ActiveCfg = Release|Any CPU
		{2387676A-7BF2-401B-A218-7E14A23A6D75}.Release|Any CPU.Build.0 = Release|Any CPU
		{651A8C47-B48B-401E-807F-DF94BB0EC9B4}.Debug|Any CPU.ActiveCfg = Debug|Any CPU
		{651A8C47-B48B-401E-807F-DF94BB0EC9B4}.Debug|Any CPU.Build.0 = Debug|Any CPU
		{651A8C47-B48B-401E-807F-DF94BB0EC9B4}.Release|Any CPU.ActiveCfg = Release|Any CPU
		{651A8C47-B48B-401E-807F-DF94BB0EC9B4}.Release|Any CPU.Build.0 = Release|Any CPU
	EndGlobalSection
EndGlobal
